// !$*UTF8*$!
{
	archiveVersion = 1;
	classes = {
	};
	objectVersion = 46;
	objects = {

/* Begin PBXBuildFile section */
		AE33E7821B32CC1800BC309A /* main.m in Sources */ = {isa = PBXBuildFile; fileRef = AE33E7811B32CC1800BC309A /* main.m */; };
		AE33E7851B32CC1800BC309A /* AppDelegate.m in Sources */ = {isa = PBXBuildFile; fileRef = AE33E7841B32CC1800BC309A /* AppDelegate.m */; };
		AE33E78B1B32CC1800BC309A /* Main.storyboard in Resources */ = {isa = PBXBuildFile; fileRef = AE33E7891B32CC1800BC309A /* Main.storyboard */; };
		AE33E78D1B32CC1800BC309A /* Images.xcassets in Resources */ = {isa = PBXBuildFile; fileRef = AE33E78C1B32CC1800BC309A /* Images.xcassets */; };
		AE33E7901B32CC1800BC309A /* LaunchScreen.xib in Resources */ = {isa = PBXBuildFile; fileRef = AE33E78E1B32CC1800BC309A /* LaunchScreen.xib */; };
		AE33E79C1B32CC1800BC309A /* YelpTests.m in Sources */ = {isa = PBXBuildFile; fileRef = AE33E79B1B32CC1800BC309A /* YelpTests.m */; };
		AE33E7A91B35770400BC309A /* ResultViewController.m in Sources */ = {isa = PBXBuildFile; fileRef = AE33E7A81B35770400BC309A /* ResultViewController.m */; };
		AE33E7AD1B35797200BC309A /* ResultCell.m in Sources */ = {isa = PBXBuildFile; fileRef = AE33E7AC1B35797200BC309A /* ResultCell.m */; };
		AE33E7B01B35E42B00BC309A /* FilterViewController.m in Sources */ = {isa = PBXBuildFile; fileRef = AE33E7AF1B35E42B00BC309A /* FilterViewController.m */; };
/* End PBXBuildFile section */

/* Begin PBXContainerItemProxy section */
		AE33E7961B32CC1800BC309A /* PBXContainerItemProxy */ = {
			isa = PBXContainerItemProxy;
			containerPortal = AE33E7741B32CC1800BC309A /* Project object */;
			proxyType = 1;
			remoteGlobalIDString = AE33E77B1B32CC1800BC309A;
			remoteInfo = Yelp;
		};
/* End PBXContainerItemProxy section */

/* Begin PBXFileReference section */
		AE33E77C1B32CC1800BC309A /* Yelp.app */ = {isa = PBXFileReference; explicitFileType = wrapper.application; includeInIndex = 0; path = Yelp.app; sourceTree = BUILT_PRODUCTS_DIR; };
		AE33E7801B32CC1800BC309A /* Info.plist */ = {isa = PBXFileReference; lastKnownFileType = text.plist.xml; path = Info.plist; sourceTree = "<group>"; };
		AE33E7811B32CC1800BC309A /* main.m */ = {isa = PBXFileReference; lastKnownFileType = sourcecode.c.objc; path = main.m; sourceTree = "<group>"; };
		AE33E7831B32CC1800BC309A /* AppDelegate.h */ = {isa = PBXFileReference; lastKnownFileType = sourcecode.c.h; path = AppDelegate.h; sourceTree = "<group>"; };
		AE33E7841B32CC1800BC309A /* AppDelegate.m */ = {isa = PBXFileReference; lastKnownFileType = sourcecode.c.objc; path = AppDelegate.m; sourceTree = "<group>"; };
		AE33E78A1B32CC1800BC309A /* Base */ = {isa = PBXFileReference; lastKnownFileType = file.storyboard; name = Base; path = Base.lproj/Main.storyboard; sourceTree = "<group>"; };
		AE33E78C1B32CC1800BC309A /* Images.xcassets */ = {isa = PBXFileReference; lastKnownFileType = folder.assetcatalog; path = Images.xcassets; sourceTree = "<group>"; };
		AE33E78F1B32CC1800BC309A /* Base */ = {isa = PBXFileReference; lastKnownFileType = file.xib; name = Base; path = Base.lproj/LaunchScreen.xib; sourceTree = "<group>"; };
		AE33E7951B32CC1800BC309A /* YelpTests.xctest */ = {isa = PBXFileReference; explicitFileType = wrapper.cfbundle; includeInIndex = 0; path = YelpTests.xctest; sourceTree = BUILT_PRODUCTS_DIR; };
		AE33E79A1B32CC1800BC309A /* Info.plist */ = {isa = PBXFileReference; lastKnownFileType = text.plist.xml; path = Info.plist; sourceTree = "<group>"; };
		AE33E79B1B32CC1800BC309A /* YelpTests.m */ = {isa = PBXFileReference; lastKnownFileType = sourcecode.c.objc; path = YelpTests.m; sourceTree = "<group>"; };
		AE33E7A71B35770400BC309A /* ResultViewController.h */ = {isa = PBXFileReference; fileEncoding = 4; lastKnownFileType = sourcecode.c.h; path = ResultViewController.h; sourceTree = "<group>"; };
		AE33E7A81B35770400BC309A /* ResultViewController.m */ = {isa = PBXFileReference; fileEncoding = 4; lastKnownFileType = sourcecode.c.objc; path = ResultViewController.m; sourceTree = "<group>"; };
		AE33E7AB1B35797200BC309A /* ResultCell.h */ = {isa = PBXFileReference; fileEncoding = 4; lastKnownFileType = sourcecode.c.h; path = ResultCell.h; sourceTree = "<group>"; };
		AE33E7AC1B35797200BC309A /* ResultCell.m */ = {isa = PBXFileReference; fileEncoding = 4; lastKnownFileType = sourcecode.c.objc; path = ResultCell.m; sourceTree = "<group>"; };
		AE33E7AE1B35E42B00BC309A /* FilterViewController.h */ = {isa = PBXFileReference; fileEncoding = 4; lastKnownFileType = sourcecode.c.h; path = FilterViewController.h; sourceTree = "<group>"; };
		AE33E7AF1B35E42B00BC309A /* FilterViewController.m */ = {isa = PBXFileReference; fileEncoding = 4; lastKnownFileType = sourcecode.c.objc; path = FilterViewController.m; sourceTree = "<group>"; };
/* End PBXFileReference section */

/* Begin PBXFrameworksBuildPhase section */
		AE33E7791B32CC1800BC309A /* Frameworks */ = {
			isa = PBXFrameworksBuildPhase;
			buildActionMask = 2147483647;
			files = (
			);
			runOnlyForDeploymentPostprocessing = 0;
		};
		AE33E7921B32CC1800BC309A /* Frameworks */ = {
			isa = PBXFrameworksBuildPhase;
			buildActionMask = 2147483647;
			files = (
			);
			runOnlyForDeploymentPostprocessing = 0;
		};
/* End PBXFrameworksBuildPhase section */

/* Begin PBXGroup section */
		AE33E7731B32CC1800BC309A = {
			isa = PBXGroup;
			children = (
				AE33E77E1B32CC1800BC309A /* Yelp */,
				AE33E7981B32CC1800BC309A /* YelpTests */,
				AE33E77D1B32CC1800BC309A /* Products */,
			);
			sourceTree = "<group>";
		};
		AE33E77D1B32CC1800BC309A /* Products */ = {
			isa = PBXGroup;
			children = (
				AE33E77C1B32CC1800BC309A /* Yelp.app */,
				AE33E7951B32CC1800BC309A /* YelpTests.xctest */,
			);
			name = Products;
			sourceTree = "<group>";
		};
		AE33E77E1B32CC1800BC309A /* Yelp */ = {
			isa = PBXGroup;
			children = (
				AE33E7AA1B35794C00BC309A /* Views */,
				AE33E7A61B35764E00BC309A /* Controllers */,
				AE33E7831B32CC1800BC309A /* AppDelegate.h */,
				AE33E7841B32CC1800BC309A /* AppDelegate.m */,
				AE33E7891B32CC1800BC309A /* Main.storyboard */,
				AE33E78C1B32CC1800BC309A /* Images.xcassets */,
				AE33E78E1B32CC1800BC309A /* LaunchScreen.xib */,
				AE33E77F1B32CC1800BC309A /* Supporting Files */,
			);
			path = Yelp;
			sourceTree = "<group>";
		};
		AE33E77F1B32CC1800BC309A /* Supporting Files */ = {
			isa = PBXGroup;
			children = (
				AE33E7801B32CC1800BC309A /* Info.plist */,
				AE33E7811B32CC1800BC309A /* main.m */,
			);
			name = "Supporting Files";
			sourceTree = "<group>";
		};
		AE33E7981B32CC1800BC309A /* YelpTests */ = {
			isa = PBXGroup;
			children = (
				AE33E79B1B32CC1800BC309A /* YelpTests.m */,
				AE33E7991B32CC1800BC309A /* Supporting Files */,
			);
			path = YelpTests;
			sourceTree = "<group>";
		};
		AE33E7991B32CC1800BC309A /* Supporting Files */ = {
			isa = PBXGroup;
			children = (
				AE33E79A1B32CC1800BC309A /* Info.plist */,
			);
			name = "Supporting Files";
			sourceTree = "<group>";
		};
		AE33E7A61B35764E00BC309A /* Controllers */ = {
			isa = PBXGroup;
			children = (
				AE33E7A71B35770400BC309A /* ResultViewController.h */,
				AE33E7A81B35770400BC309A /* ResultViewController.m */,
				AE33E7AE1B35E42B00BC309A /* FilterViewController.h */,
				AE33E7AF1B35E42B00BC309A /* FilterViewController.m */,
			);
			name = Controllers;
			sourceTree = "<group>";
		};
		AE33E7AA1B35794C00BC309A /* Views */ = {
			isa = PBXGroup;
			children = (
				AE33E7AB1B35797200BC309A /* ResultCell.h */,
				AE33E7AC1B35797200BC309A /* ResultCell.m */,
			);
			name = Views;
			sourceTree = "<group>";
		};
/* End PBXGroup section */

/* Begin PBXNativeTarget section */
		AE33E77B1B32CC1800BC309A /* Yelp */ = {
			isa = PBXNativeTarget;
			buildConfigurationList = AE33E79F1B32CC1800BC309A /* Build configuration list for PBXNativeTarget "Yelp" */;
			buildPhases = (
				AE33E7781B32CC1800BC309A /* Sources */,
				AE33E7791B32CC1800BC309A /* Frameworks */,
				AE33E77A1B32CC1800BC309A /* Resources */,
			);
			buildRules = (
			);
			dependencies = (
			);
			name = Yelp;
			productName = Yelp;
			productReference = AE33E77C1B32CC1800BC309A /* Yelp.app */;
			productType = "com.apple.product-type.application";
		};
		AE33E7941B32CC1800BC309A /* YelpTests */ = {
			isa = PBXNativeTarget;
			buildConfigurationList = AE33E7A21B32CC1800BC309A /* Build configuration list for PBXNativeTarget "YelpTests" */;
			buildPhases = (
				AE33E7911B32CC1800BC309A /* Sources */,
				AE33E7921B32CC1800BC309A /* Frameworks */,
				AE33E7931B32CC1800BC309A /* Resources */,
			);
			buildRules = (
			);
			dependencies = (
				AE33E7971B32CC1800BC309A /* PBXTargetDependency */,
			);
			name = YelpTests;
			productName = YelpTests;
			productReference = AE33E7951B32CC1800BC309A /* YelpTests.xctest */;
			productType = "com.apple.product-type.bundle.unit-test";
		};
/* End PBXNativeTarget section */

/* Begin PBXProject section */
		AE33E7741B32CC1800BC309A /* Project object */ = {
			isa = PBXProject;
			attributes = {
				LastUpgradeCheck = 0630;
				ORGANIZATIONNAME = "Jason Huang";
				TargetAttributes = {
					AE33E77B1B32CC1800BC309A = {
						CreatedOnToolsVersion = 6.3.2;
					};
					AE33E7941B32CC1800BC309A = {
						CreatedOnToolsVersion = 6.3.2;
						TestTargetID = AE33E77B1B32CC1800BC309A;
					};
				};
			};
			buildConfigurationList = AE33E7771B32CC1800BC309A /* Build configuration list for PBXProject "Yelp" */;
			compatibilityVersion = "Xcode 3.2";
			developmentRegion = English;
			hasScannedForEncodings = 0;
			knownRegions = (
				en,
				Base,
			);
			mainGroup = AE33E7731B32CC1800BC309A;
			productRefGroup = AE33E77D1B32CC1800BC309A /* Products */;
			projectDirPath = "";
			projectRoot = "";
			targets = (
				AE33E77B1B32CC1800BC309A /* Yelp */,
				AE33E7941B32CC1800BC309A /* YelpTests */,
			);
		};
/* End PBXProject section */

/* Begin PBXResourcesBuildPhase section */
		AE33E77A1B32CC1800BC309A /* Resources */ = {
			isa = PBXResourcesBuildPhase;
			buildActionMask = 2147483647;
			files = (
				AE33E78B1B32CC1800BC309A /* Main.storyboard in Resources */,
				AE33E7901B32CC1800BC309A /* LaunchScreen.xib in Resources */,
				AE33E78D1B32CC1800BC309A /* Images.xcassets in Resources */,
			);
			runOnlyForDeploymentPostprocessing = 0;
		};
		AE33E7931B32CC1800BC309A /* Resources */ = {
			isa = PBXResourcesBuildPhase;
			buildActionMask = 2147483647;
			files = (
			);
			runOnlyForDeploymentPostprocessing = 0;
		};
/* End PBXResourcesBuildPhase section */

/* Begin PBXSourcesBuildPhase section */
		AE33E7781B32CC1800BC309A /* Sources */ = {
			isa = PBXSourcesBuildPhase;
			buildActionMask = 2147483647;
			files = (
				AE33E7851B32CC1800BC309A /* AppDelegate.m in Sources */,
				AE33E7821B32CC1800BC309A /* main.m in Sources */,
				AE33E7B01B35E42B00BC309A /* FilterViewController.m in Sources */,
				AE33E7AD1B35797200BC309A /* ResultCell.m in Sources */,
				AE33E7A91B35770400BC309A /* ResultViewController.m in Sources */,
			);
			runOnlyForDeploymentPostprocessing = 0;
		};
		AE33E7911B32CC1800BC309A /* Sources */ = {
			isa = PBXSourcesBuildPhase;
			buildActionMask = 2147483647;
			files = (
				AE33E79C1B32CC1800BC309A /* YelpTests.m in Sources */,
			);
			runOnlyForDeploymentPostprocessing = 0;
		};
/* End PBXSourcesBuildPhase section */

/* Begin PBXTargetDependency section */
		AE33E7971B32CC1800BC309A /* PBXTargetDependency */ = {
			isa = PBXTargetDependency;
			target = AE33E77B1B32CC1800BC309A /* Yelp */;
			targetProxy = AE33E7961B32CC1800BC309A /* PBXContainerItemProxy */;
		};
/* End PBXTargetDependency section */

/* Begin PBXVariantGroup section */
		AE33E7891B32CC1800BC309A /* Main.storyboard */ = {
			isa = PBXVariantGroup;
			children = (
				AE33E78A1B32CC1800BC309A /* Base */,
			);
			name = Main.storyboard;
			sourceTree = "<group>";
		};
		AE33E78E1B32CC1800BC309A /* LaunchScreen.xib */ = {
			isa = PBXVariantGroup;
			children = (
				AE33E78F1B32CC1800BC309A /* Base */,
			);
			name = LaunchScreen.xib;
			sourceTree = "<group>";
		};
/* End PBXVariantGroup section */

/* Begin XCBuildConfiguration section */
		AE33E79D1B32CC1800BC309A /* Debug */ = {
			isa = XCBuildConfiguration;
			buildSettings = {
				ALWAYS_SEARCH_USER_PATHS = NO;
				CLANG_CXX_LANGUAGE_STANDARD = "gnu++0x";
				CLANG_CXX_LIBRARY = "libc++";
				CLANG_ENABLE_MODULES = YES;
				CLANG_ENABLE_OBJC_ARC = YES;
				CLANG_WARN_BOOL_CONVERSION = YES;
				CLANG_WARN_CONSTANT_CONVERSION = YES;
				CLANG_WARN_DIRECT_OBJC_ISA_USAGE = YES_ERROR;
				CLANG_WARN_EMPTY_BODY = YES;
				CLANG_WARN_ENUM_CONVERSION = YES;
				CLANG_WARN_INT_CONVERSION = YES;
				CLANG_WARN_OBJC_ROOT_CLASS = YES_ERROR;
				CLANG_WARN_UNREACHABLE_CODE = YES;
				CLANG_WARN__DUPLICATE_METHOD_MATCH = YES;
				"CODE_SIGN_IDENTITY[sdk=iphoneos*]" = "iPhone Developer";
				COPY_PHASE_STRIP = NO;
				DEBUG_INFORMATION_FORMAT = "dwarf-with-dsym";
				ENABLE_STRICT_OBJC_MSGSEND = YES;
				GCC_C_LANGUAGE_STANDARD = gnu99;
				GCC_DYNAMIC_NO_PIC = NO;
				GCC_NO_COMMON_BLOCKS = YES;
				GCC_OPTIMIZATION_LEVEL = 0;
				GCC_PREPROCESSOR_DEFINITIONS = (
					"DEBUG=1",
					"$(inherited)",
				);
				GCC_SYMBOLS_PRIVATE_EXTERN = NO;
				GCC_WARN_64_TO_32_BIT_CONVERSION = YES;
				GCC_WARN_ABOUT_RETURN_TYPE = YES_ERROR;
				GCC_WARN_UNDECLARED_SELECTOR = YES;
				GCC_WARN_UNINITIALIZED_AUTOS = YES_AGGRESSIVE;
				GCC_WARN_UNUSED_FUNCTION = YES;
				GCC_WARN_UNUSED_VARIABLE = YES;
				IPHONEOS_DEPLOYMENT_TARGET = 8.3;
				MTL_ENABLE_DEBUG_INFO = YES;
				ONLY_ACTIVE_ARCH = YES;
				SDKROOT = iphoneos;
				TARGETED_DEVICE_FAMILY = "1,2";
			};
			name = Debug;
		};
		AE33E79E1B32CC1800BC309A /* Release */ = {
			isa = XCBuildConfiguration;
			buildSettings = {
				ALWAYS_SEARCH_USER_PATHS = NO;
				CLANG_CXX_LANGUAGE_STANDARD = "gnu++0x";
				CLANG_CXX_LIBRARY = "libc++";
				CLANG_ENABLE_MODULES = YES;
				CLANG_ENABLE_OBJC_ARC = YES;
				CLANG_WARN_BOOL_CONVERSION = YES;
				CLANG_WARN_CONSTANT_CONVERSION = YES;
				CLANG_WARN_DIRECT_OBJC_ISA_USAGE = YES_ERROR;
				CLANG_WARN_EMPTY_BODY = YES;
				CLANG_WARN_ENUM_CONVERSION = YES;
				CLANG_WARN_INT_CONVERSION = YES;
				CLANG_WARN_OBJC_ROOT_CLASS = YES_ERROR;
				CLANG_WARN_UNREACHABLE_CODE = YES;
				CLANG_WARN__DUPLICATE_METHOD_MATCH = YES;
				"CODE_SIGN_IDENTITY[sdk=iphoneos*]" = "iPhone Developer";
				COPY_PHASE_STRIP = NO;
				DEBUG_INFORMATION_FORMAT = "dwarf-with-dsym";
				ENABLE_NS_ASSERTIONS = NO;
				ENABLE_STRICT_OBJC_MSGSEND = YES;
				GCC_C_LANGUAGE_STANDARD = gnu99;
				GCC_NO_COMMON_BLOCKS = YES;
				GCC_WARN_64_TO_32_BIT_CONVERSION = YES;
				GCC_WARN_ABOUT_RETURN_TYPE = YES_ERROR;
				GCC_WARN_UNDECLARED_SELECTOR = YES;
				GCC_WARN_UNINITIALIZED_AUTOS = YES_AGGRESSIVE;
				GCC_WARN_UNUSED_FUNCTION = YES;
				GCC_WARN_UNUSED_VARIABLE = YES;
				IPHONEOS_DEPLOYMENT_TARGET = 8.3;
				MTL_ENABLE_DEBUG_INFO = NO;
				SDKROOT = iphoneos;
				TARGETED_DEVICE_FAMILY = "1,2";
				VALIDATE_PRODUCT = YES;
			};
			name = Release;
		};
		AE33E7A01B32CC1800BC309A /* Debug */ = {
			isa = XCBuildConfiguration;
			buildSettings = {
				ASSETCATALOG_COMPILER_APPICON_NAME = AppIcon;
				INFOPLIST_FILE = Yelp/Info.plist;
				LD_RUNPATH_SEARCH_PATHS = "$(inherited) @executable_path/Frameworks";
				PRODUCT_NAME = "$(TARGET_NAME)";
			};
			name = Debug;
		};
		AE33E7A11B32CC1800BC309A /* Release */ = {
			isa = XCBuildConfiguration;
			buildSettings = {
				ASSETCATALOG_COMPILER_APPICON_NAME = AppIcon;
				INFOPLIST_FILE = Yelp/Info.plist;
				LD_RUNPATH_SEARCH_PATHS = "$(inherited) @executable_path/Frameworks";
				PRODUCT_NAME = "$(TARGET_NAME)";
			};
			name = Release;
		};
		AE33E7A31B32CC1800BC309A /* Debug */ = {
			isa = XCBuildConfiguration;
			buildSettings = {
				BUNDLE_LOADER = "$(TEST_HOST)";
				FRAMEWORK_SEARCH_PATHS = (
					"$(SDKROOT)/Developer/Library/Frameworks",
					"$(inherited)",
				);
				GCC_PREPROCESSOR_DEFINITIONS = (
					"DEBUG=1",
					"$(inherited)",
				);
				INFOPLIST_FILE = YelpTests/Info.plist;
				LD_RUNPATH_SEARCH_PATHS = "$(inherited) @executable_path/Frameworks @loader_path/Frameworks";
				PRODUCT_NAME = "$(TARGET_NAME)";
				TEST_HOST = "$(BUILT_PRODUCTS_DIR)/Yelp.app/Yelp";
			};
			name = Debug;
		};
		AE33E7A41B32CC1800BC309A /* Release */ = {
			isa = XCBuildConfiguration;
			buildSettings = {
				BUNDLE_LOADER = "$(TEST_HOST)";
				FRAMEWORK_SEARCH_PATHS = (
					"$(SDKROOT)/Developer/Library/Frameworks",
					"$(inherited)",
				);
				INFOPLIST_FILE = YelpTests/Info.plist;
				LD_RUNPATH_SEARCH_PATHS = "$(inherited) @executable_path/Frameworks @loader_path/Frameworks";
				PRODUCT_NAME = "$(TARGET_NAME)";
				TEST_HOST = "$(BUILT_PRODUCTS_DIR)/Yelp.app/Yelp";
			};
			name = Release;
		};
/* End XCBuildConfiguration section */

/* Begin XCConfigurationList section */
		AE33E7771B32CC1800BC309A /* Build configuration list for PBXProject "Yelp" */ = {
			isa = XCConfigurationList;
			buildConfigurations = (
				AE33E79D1B32CC1800BC309A /* Debug */,
				AE33E79E1B32CC1800BC309A /* Release */,
			);
			defaultConfigurationIsVisible = 0;
			defaultConfigurationName = Release;
		};
		AE33E79F1B32CC1800BC309A /* Build configuration list for PBXNativeTarget "Yelp" */ = {
			isa = XCConfigurationList;
			buildConfigurations = (
				AE33E7A01B32CC1800BC309A /* Debug */,
				AE33E7A11B32CC1800BC309A /* Release */,
			);
			defaultConfigurationIsVisible = 0;
			defaultConfigurationName = Release;
		};
		AE33E7A21B32CC1800BC309A /* Build configuration list for PBXNativeTarget "YelpTests" */ = {
			isa = XCConfigurationList;
			buildConfigurations = (
				AE33E7A31B32CC1800BC309A /* Debug */,
				AE33E7A41B32CC1800BC309A /* Release */,
			);
			defaultConfigurationIsVisible = 0;
			defaultConfigurationName = Release;
		};
/* End XCConfigurationList section */
	};
	rootObject = AE33E7741B32CC1800BC309A /* Project object */;
}
